// !$*UTF8*$!
{
	archiveVersion = 1;
	classes = {
	};
	objectVersion = 77;
	objects = {

/* Begin PBXBuildFile section */
		D90512C32EE84DB800AD088B /* DesignSystem in Frameworks */ = {isa = PBXBuildFile; productRef = D90512C22EE84DB800AD088B /* DesignSystem */; };
		D90513632EE8657E00AD088B /* Models in Frameworks */ = {isa = PBXBuildFile; productRef = D90513622EE8657E00AD088B /* Models */; };
		D92E1B122EE93A0700B20317 /* Home in Frameworks */ = {isa = PBXBuildFile; productRef = D92E1B112EE93A0700B20317 /* Home */; };
		D92E1B172EE93F1F00B20317 /* Stores in Frameworks */ = {isa = PBXBuildFile; productRef = D92E1B162EE93F1F00B20317 /* Stores */; };
		D92E1B1E2EE95FC800B20317 /* Networking in Frameworks */ = {isa = PBXBuildFile; productRef = D92E1B1D2EE95FC800B20317 /* Networking */; };
		D92E1CA92EE970DF00B20317 /* Persistence in Frameworks */ = {isa = PBXBuildFile; productRef = D92E1CA82EE970DF00B20317 /* Persistence */; };
		D92E1CAB2EE970E300B20317 /* Repositories in Frameworks */ = {isa = PBXBuildFile; productRef = D92E1CAA2EE970E300B20317 /* Repositories */; };
		D92E1CAD2EE970E600B20317 /* Navigation in Frameworks */ = {isa = PBXBuildFile; productRef = D92E1CAC2EE970E600B20317 /* Navigation */; };
		D92E1D362EEA039E00B20317 /* Vehicle in Frameworks */ = {isa = PBXBuildFile; productRef = D92E1D352EEA039E00B20317 /* Vehicle */; };
		D92E1D3B2EEA88D100B20317 /* Utilities in Frameworks */ = {isa = PBXBuildFile; productRef = D92E1D3A2EEA88D100B20317 /* Utilities */; };
		D97862352EEC447900C2D16B /* Spending in Frameworks */ = {isa = PBXBuildFile; productRef = D97862342EEC447900C2D16B /* Spending */; };
		D9FA81F52EE89F3800BC35F6 /* README.md in Resources */ = {isa = PBXBuildFile; fileRef = D9FA81F42EE89F3800BC35F6 /* README.md */; };
/* End PBXBuildFile section */

/* Begin PBXFileReference section */
		D90512A82EE8493500AD088B /* CarKit.app */ = {isa = PBXFileReference; explicitFileType = wrapper.application; includeInIndex = 0; path = CarKit.app; sourceTree = BUILT_PRODUCTS_DIR; };
		D9FA81F42EE89F3800BC35F6 /* README.md */ = {isa = PBXFileReference; lastKnownFileType = net.daringfireball.markdown; path = README.md; sourceTree = "<group>"; };
/* End PBXFileReference section */

/* Begin PBXFileSystemSynchronizedBuildFileExceptionSet section */
		D90512DB2EE84DEF00AD088B /* Exceptions for "CarKit" folder in "CarKit" target */ = {
			isa = PBXFileSystemSynchronizedBuildFileExceptionSet;
			membershipExceptions = (
				Info.plist,
			);
			target = D90512A72EE8493500AD088B /* CarKit */;
		};
		D90512DD2EE84F5100AD088B /* Exceptions for "Modules" folder in "CarKit" target */ = {
			isa = PBXFileSystemSynchronizedBuildFileExceptionSet;
			membershipExceptions = (
				Models,
			);
			target = D90512A72EE8493500AD088B /* CarKit */;
		};
/* End PBXFileSystemSynchronizedBuildFileExceptionSet section */

/* Begin PBXFileSystemSynchronizedRootGroup section */
		D90512AA2EE8493500AD088B /* CarKit */ = {
			isa = PBXFileSystemSynchronizedRootGroup;
			exceptions = (
				D90512DB2EE84DEF00AD088B /* Exceptions for "CarKit" folder in "CarKit" target */,
			);
			path = CarKit;
			sourceTree = "<group>";
		};
		D90512BD2EE84A4D00AD088B /* Modules */ = {
			isa = PBXFileSystemSynchronizedRootGroup;
			exceptions = (
				D90512DD2EE84F5100AD088B /* Exceptions for "Modules" folder in "CarKit" target */,
			);
			path = Modules;
			sourceTree = "<group>";
		};
/* End PBXFileSystemSynchronizedRootGroup section */

/* Begin PBXFrameworksBuildPhase section */
		D90512A52EE8493500AD088B /* Frameworks */ = {
			isa = PBXFrameworksBuildPhase;
			buildActionMask = 2147483647;
			files = (
				D92E1CAB2EE970E300B20317 /* Repositories in Frameworks */,
				D92E1CA92EE970DF00B20317 /* Persistence in Frameworks */,
				D92E1CAD2EE970E600B20317 /* Navigation in Frameworks */,
				D92E1D3B2EEA88D100B20317 /* Utilities in Frameworks */,
				D92E1D362EEA039E00B20317 /* Vehicle in Frameworks */,
				D90513632EE8657E00AD088B /* Models in Frameworks */,
				D90512C32EE84DB800AD088B /* DesignSystem in Frameworks */,
				D92E1B172EE93F1F00B20317 /* Stores in Frameworks */,
				D92E1B1E2EE95FC800B20317 /* Networking in Frameworks */,
				D92E1B122EE93A0700B20317 /* Home in Frameworks */,
				D97862352EEC447900C2D16B /* Spending in Frameworks */,
			);
			runOnlyForDeploymentPostprocessing = 0;
		};
/* End PBXFrameworksBuildPhase section */

/* Begin PBXGroup section */
		D905129F2EE8493500AD088B = {
			isa = PBXGroup;
			children = (
				D9FA81F42EE89F3800BC35F6 /* README.md */,
				D90512AA2EE8493500AD088B /* CarKit */,
				D90512BD2EE84A4D00AD088B /* Modules */,
				D90512C12EE84DB800AD088B /* Frameworks */,
				D90512A92EE8493500AD088B /* Products */,
			);
			sourceTree = "<group>";
		};
		D90512A92EE8493500AD088B /* Products */ = {
			isa = PBXGroup;
			children = (
				D90512A82EE8493500AD088B /* CarKit.app */,
			);
			name = Products;
			sourceTree = "<group>";
		};
		D90512C12EE84DB800AD088B /* Frameworks */ = {
			isa = PBXGroup;
			children = (
			);
			name = Frameworks;
			sourceTree = "<group>";
		};
/* End PBXGroup section */

/* Begin PBXNativeTarget section */
		D90512A72EE8493500AD088B /* CarKit */ = {
			isa = PBXNativeTarget;
			buildConfigurationList = D90512B32EE8493600AD088B /* Build configuration list for PBXNativeTarget "CarKit" */;
			buildPhases = (
				D90512A42EE8493500AD088B /* Sources */,
				D90512A52EE8493500AD088B /* Frameworks */,
				D90512A62EE8493500AD088B /* Resources */,
				D90512BC2EE84A0900AD088B /* Swiftlint */,
			);
			buildRules = (
			);
			dependencies = (
			);
			fileSystemSynchronizedGroups = (
				D90512AA2EE8493500AD088B /* CarKit */,
				D90512BD2EE84A4D00AD088B /* Modules */,
			);
			name = CarKit;
			packageProductDependencies = (
				D90512C22EE84DB800AD088B /* DesignSystem */,
				D90513622EE8657E00AD088B /* Models */,
				D92E1B112EE93A0700B20317 /* Home */,
				D92E1B162EE93F1F00B20317 /* Stores */,
				D92E1B1D2EE95FC800B20317 /* Networking */,
				D92E1CA82EE970DF00B20317 /* Persistence */,
				D92E1CAA2EE970E300B20317 /* Repositories */,
				D92E1CAC2EE970E600B20317 /* Navigation */,
				D92E1D352EEA039E00B20317 /* Vehicle */,
				D92E1D3A2EEA88D100B20317 /* Utilities */,
				D97862342EEC447900C2D16B /* Spending */,
			);
			productName = Dreevy;
			productReference = D90512A82EE8493500AD088B /* CarKit.app */;
			productType = "com.apple.product-type.application";
		};
/* End PBXNativeTarget section */

/* Begin PBXProject section */
		D90512A02EE8493500AD088B /* Project object */ = {
			isa = PBXProject;
			attributes = {
				BuildIndependentTargetsInParallel = 1;
				LastSwiftUpdateCheck = 2600;
				LastUpgradeCheck = 2600;
				TargetAttributes = {
					D90512A72EE8493500AD088B = {
						CreatedOnToolsVersion = 26.0;
					};
				};
			};
			buildConfigurationList = D90512A32EE8493500AD088B /* Build configuration list for PBXProject "CarKit" */;
			developmentRegion = en;
			hasScannedForEncodings = 0;
			knownRegions = (
				en,
				Base,
				fr,
			);
			mainGroup = D905129F2EE8493500AD088B;
			minimizedProjectReferenceProxies = 1;
			preferredProjectObjectVersion = 77;
			productRefGroup = D90512A92EE8493500AD088B /* Products */;
			projectDirPath = "";
			projectRoot = "";
			targets = (
				D90512A72EE8493500AD088B /* CarKit */,
			);
		};
/* End PBXProject section */

/* Begin PBXResourcesBuildPhase section */
		D90512A62EE8493500AD088B /* Resources */ = {
			isa = PBXResourcesBuildPhase;
			buildActionMask = 2147483647;
			files = (
				D9FA81F52EE89F3800BC35F6 /* README.md in Resources */,
			);
			runOnlyForDeploymentPostprocessing = 0;
		};
/* End PBXResourcesBuildPhase section */

/* Begin PBXShellScriptBuildPhase section */
		D90512BC2EE84A0900AD088B /* Swiftlint */ = {
			isa = PBXShellScriptBuildPhase;
			alwaysOutOfDate = 1;
			buildActionMask = 2147483647;
			files = (
			);
			inputFileListPaths = (
			);
			inputPaths = (
			);
			name = Swiftlint;
			outputFileListPaths = (
			);
			outputPaths = (
			);
			runOnlyForDeploymentPostprocessing = 0;
			shellPath = /bin/sh;
			shellScript = "if [[ \"$(uname -m)\" == arm64 ]]; then\n    export PATH=\"/opt/homebrew/bin:$PATH\"\nfi\n\nif [ \"${ENABLE_PREVIEWS}\" = \"YES\" ]; then\n    exit 0\nfi\n\nif command -v swiftlint >/dev/null; then\n    swiftlint\nelse\n    echo \"warning: SwiftLint not installed, download from https://github.com/realm/SwiftLint\"\nfi\n";
		};
/* End PBXShellScriptBuildPhase section */

/* Begin PBXSourcesBuildPhase section */
		D90512A42EE8493500AD088B /* Sources */ = {
			isa = PBXSourcesBuildPhase;
			buildActionMask = 2147483647;
			files = (
			);
			runOnlyForDeploymentPostprocessing = 0;
		};
/* End PBXSourcesBuildPhase section */

/* Begin XCBuildConfiguration section */
		D90512B12EE8493600AD088B /* Debug */ = {
			isa = XCBuildConfiguration;
			buildSettings = {
				ALWAYS_SEARCH_USER_PATHS = NO;
				ASSETCATALOG_COMPILER_GENERATE_SWIFT_ASSET_SYMBOL_EXTENSIONS = YES;
				CLANG_ANALYZER_NONNULL = YES;
				CLANG_ANALYZER_NUMBER_OBJECT_CONVERSION = YES_AGGRESSIVE;
				CLANG_CXX_LANGUAGE_STANDARD = "gnu++20";
				CLANG_ENABLE_MODULES = YES;
				CLANG_ENABLE_OBJC_ARC = YES;
				CLANG_ENABLE_OBJC_WEAK = YES;
				CLANG_WARN_BLOCK_CAPTURE_AUTORELEASING = YES;
				CLANG_WARN_BOOL_CONVERSION = YES;
				CLANG_WARN_COMMA = YES;
				CLANG_WARN_CONSTANT_CONVERSION = YES;
				CLANG_WARN_DEPRECATED_OBJC_IMPLEMENTATIONS = YES;
				CLANG_WARN_DIRECT_OBJC_ISA_USAGE = YES_ERROR;
				CLANG_WARN_DOCUMENTATION_COMMENTS = YES;
				CLANG_WARN_EMPTY_BODY = YES;
				CLANG_WARN_ENUM_CONVERSION = YES;
				CLANG_WARN_INFINITE_RECURSION = YES;
				CLANG_WARN_INT_CONVERSION = YES;
				CLANG_WARN_NON_LITERAL_NULL_CONVERSION = YES;
				CLANG_WARN_OBJC_IMPLICIT_RETAIN_SELF = YES;
				CLANG_WARN_OBJC_LITERAL_CONVERSION = YES;
				CLANG_WARN_OBJC_ROOT_CLASS = YES_ERROR;
				CLANG_WARN_QUOTED_INCLUDE_IN_FRAMEWORK_HEADER = YES;
				CLANG_WARN_RANGE_LOOP_ANALYSIS = YES;
				CLANG_WARN_STRICT_PROTOTYPES = YES;
				CLANG_WARN_SUSPICIOUS_MOVE = YES;
				CLANG_WARN_UNGUARDED_AVAILABILITY = YES_AGGRESSIVE;
				CLANG_WARN_UNREACHABLE_CODE = YES;
				CLANG_WARN__DUPLICATE_METHOD_MATCH = YES;
				COPY_PHASE_STRIP = NO;
				DEBUG_INFORMATION_FORMAT = dwarf;
				DEVELOPMENT_TEAM = 8TMMB69WBG;
				ENABLE_STRICT_OBJC_MSGSEND = YES;
				ENABLE_TESTABILITY = YES;
				ENABLE_USER_SCRIPT_SANDBOXING = YES;
				GCC_C_LANGUAGE_STANDARD = gnu17;
				GCC_DYNAMIC_NO_PIC = NO;
				GCC_NO_COMMON_BLOCKS = YES;
				GCC_OPTIMIZATION_LEVEL = 0;
				GCC_PREPROCESSOR_DEFINITIONS = (
					"DEBUG=1",
					"$(inherited)",
				);
				GCC_WARN_64_TO_32_BIT_CONVERSION = YES;
				GCC_WARN_ABOUT_RETURN_TYPE = YES_ERROR;
				GCC_WARN_UNDECLARED_SELECTOR = YES;
				GCC_WARN_UNINITIALIZED_AUTOS = YES_AGGRESSIVE;
				GCC_WARN_UNUSED_FUNCTION = YES;
				GCC_WARN_UNUSED_VARIABLE = YES;
				LOCALIZATION_PREFERS_STRING_CATALOGS = YES;
				MTL_ENABLE_DEBUG_INFO = INCLUDE_SOURCE;
				MTL_FAST_MATH = YES;
				ONLY_ACTIVE_ARCH = YES;
				SWIFT_ACTIVE_COMPILATION_CONDITIONS = "DEBUG $(inherited)";
				SWIFT_OPTIMIZATION_LEVEL = "-Onone";
			};
			name = Debug;
		};
		D90512B22EE8493600AD088B /* Release */ = {
			isa = XCBuildConfiguration;
			buildSettings = {
				ALWAYS_SEARCH_USER_PATHS = NO;
				ASSETCATALOG_COMPILER_GENERATE_SWIFT_ASSET_SYMBOL_EXTENSIONS = YES;
				CLANG_ANALYZER_NONNULL = YES;
				CLANG_ANALYZER_NUMBER_OBJECT_CONVERSION = YES_AGGRESSIVE;
				CLANG_CXX_LANGUAGE_STANDARD = "gnu++20";
				CLANG_ENABLE_MODULES = YES;
				CLANG_ENABLE_OBJC_ARC = YES;
				CLANG_ENABLE_OBJC_WEAK = YES;
				CLANG_WARN_BLOCK_CAPTURE_AUTORELEASING = YES;
				CLANG_WARN_BOOL_CONVERSION = YES;
				CLANG_WARN_COMMA = YES;
				CLANG_WARN_CONSTANT_CONVERSION = YES;
				CLANG_WARN_DEPRECATED_OBJC_IMPLEMENTATIONS = YES;
				CLANG_WARN_DIRECT_OBJC_ISA_USAGE = YES_ERROR;
				CLANG_WARN_DOCUMENTATION_COMMENTS = YES;
				CLANG_WARN_EMPTY_BODY = YES;
				CLANG_WARN_ENUM_CONVERSION = YES;
				CLANG_WARN_INFINITE_RECURSION = YES;
				CLANG_WARN_INT_CONVERSION = YES;
				CLANG_WARN_NON_LITERAL_NULL_CONVERSION = YES;
				CLANG_WARN_OBJC_IMPLICIT_RETAIN_SELF = YES;
				CLANG_WARN_OBJC_LITERAL_CONVERSION = YES;
				CLANG_WARN_OBJC_ROOT_CLASS = YES_ERROR;
				CLANG_WARN_QUOTED_INCLUDE_IN_FRAMEWORK_HEADER = YES;
				CLANG_WARN_RANGE_LOOP_ANALYSIS = YES;
				CLANG_WARN_STRICT_PROTOTYPES = YES;
				CLANG_WARN_SUSPICIOUS_MOVE = YES;
				CLANG_WARN_UNGUARDED_AVAILABILITY = YES_AGGRESSIVE;
				CLANG_WARN_UNREACHABLE_CODE = YES;
				CLANG_WARN__DUPLICATE_METHOD_MATCH = YES;
				COPY_PHASE_STRIP = NO;
				DEBUG_INFORMATION_FORMAT = "dwarf-with-dsym";
				DEVELOPMENT_TEAM = 8TMMB69WBG;
				ENABLE_NS_ASSERTIONS = NO;
				ENABLE_STRICT_OBJC_MSGSEND = YES;
				ENABLE_USER_SCRIPT_SANDBOXING = YES;
				GCC_C_LANGUAGE_STANDARD = gnu17;
				GCC_NO_COMMON_BLOCKS = YES;
				GCC_WARN_64_TO_32_BIT_CONVERSION = YES;
				GCC_WARN_ABOUT_RETURN_TYPE = YES_ERROR;
				GCC_WARN_UNDECLARED_SELECTOR = YES;
				GCC_WARN_UNINITIALIZED_AUTOS = YES_AGGRESSIVE;
				GCC_WARN_UNUSED_FUNCTION = YES;
				GCC_WARN_UNUSED_VARIABLE = YES;
				LOCALIZATION_PREFERS_STRING_CATALOGS = YES;
				MTL_ENABLE_DEBUG_INFO = NO;
				MTL_FAST_MATH = YES;
				SWIFT_COMPILATION_MODE = wholemodule;
			};
			name = Release;
		};
		D90512B42EE8493600AD088B /* Debug */ = {
			isa = XCBuildConfiguration;
			buildSettings = {
				ASSETCATALOG_COMPILER_APPICON_NAME = AppIconDev;
				ASSETCATALOG_COMPILER_GLOBAL_ACCENT_COLOR_NAME = AccentColor;
				CODE_SIGN_STYLE = Automatic;
				CURRENT_PROJECT_VERSION = 20251211;
				DEVELOPMENT_TEAM = 8TMMB69WBG;
				ENABLE_APP_SANDBOX = YES;
				ENABLE_HARDENED_RUNTIME = YES;
				ENABLE_PREVIEWS = YES;
				ENABLE_USER_SCRIPT_SANDBOXING = NO;
				ENABLE_USER_SELECTED_FILES = readonly;
				GENERATE_INFOPLIST_FILE = YES;
				INFOPLIST_FILE = CarKit/Info.plist;
				INFOPLIST_KEY_CFBundleDisplayName = CarKit;
				INFOPLIST_KEY_LSApplicationCategoryType = "public.app-category.utilities";
				"INFOPLIST_KEY_UIApplicationSceneManifest_Generation[sdk=iphoneos*]" = YES;
				"INFOPLIST_KEY_UIApplicationSceneManifest_Generation[sdk=iphonesimulator*]" = YES;
				"INFOPLIST_KEY_UIApplicationSupportsIndirectInputEvents[sdk=iphoneos*]" = YES;
				"INFOPLIST_KEY_UIApplicationSupportsIndirectInputEvents[sdk=iphonesimulator*]" = YES;
				"INFOPLIST_KEY_UILaunchScreen_Generation[sdk=iphoneos*]" = YES;
				"INFOPLIST_KEY_UILaunchScreen_Generation[sdk=iphonesimulator*]" = YES;
				"INFOPLIST_KEY_UIStatusBarStyle[sdk=iphoneos*]" = UIStatusBarStyleDefault;
				"INFOPLIST_KEY_UIStatusBarStyle[sdk=iphonesimulator*]" = UIStatusBarStyleDefault;
				INFOPLIST_KEY_UISupportedInterfaceOrientations = UIInterfaceOrientationPortrait;
				INFOPLIST_KEY_UISupportedInterfaceOrientations_iPad = "UIInterfaceOrientationLandscapeLeft UIInterfaceOrientationLandscapeRight UIInterfaceOrientationPortrait UIInterfaceOrientationPortraitUpsideDown";
				IPHONEOS_DEPLOYMENT_TARGET = 17.6;
				LD_RUNPATH_SEARCH_PATHS = "@executable_path/Frameworks";
				"LD_RUNPATH_SEARCH_PATHS[sdk=macosx*]" = "@executable_path/../Frameworks";
				MACOSX_DEPLOYMENT_TARGET = 26.0;
				MARKETING_VERSION = 1.0;
				PRODUCT_BUNDLE_IDENTIFIER = com.sementa.CarKit;
				PRODUCT_NAME = "$(TARGET_NAME)";
				REGISTER_APP_GROUPS = YES;
				SDKROOT = auto;
				STRING_CATALOG_GENERATE_SYMBOLS = YES;
				SUPPORTED_PLATFORMS = "iphoneos iphonesimulator";
				SUPPORTS_MACCATALYST = NO;
				SWIFT_APPROACHABLE_CONCURRENCY = YES;
				SWIFT_DEFAULT_ACTOR_ISOLATION = MainActor;
				SWIFT_EMIT_LOC_STRINGS = YES;
				SWIFT_UPCOMING_FEATURE_MEMBER_IMPORT_VISIBILITY = YES;
				SWIFT_VERSION = 5.0;
				TARGETED_DEVICE_FAMILY = 1;
				XROS_DEPLOYMENT_TARGET = 26.0;
			};
			name = Debug;
		};
		D90512B52EE8493600AD088B /* Release */ = {
			isa = XCBuildConfiguration;
			buildSettings = {
				ASSETCATALOG_COMPILER_APPICON_NAME = AppIcon;
				ASSETCATALOG_COMPILER_GLOBAL_ACCENT_COLOR_NAME = AccentColor;
				CODE_SIGN_STYLE = Automatic;
				CURRENT_PROJECT_VERSION = 20251211;
				DEVELOPMENT_TEAM = 8TMMB69WBG;
				ENABLE_APP_SANDBOX = YES;
				ENABLE_HARDENED_RUNTIME = YES;
				ENABLE_PREVIEWS = YES;
				ENABLE_USER_SCRIPT_SANDBOXING = NO;
				ENABLE_USER_SELECTED_FILES = readonly;
				GENERATE_INFOPLIST_FILE = YES;
				INFOPLIST_FILE = CarKit/Info.plist;
				INFOPLIST_KEY_CFBundleDisplayName = CarKit;
				INFOPLIST_KEY_LSApplicationCategoryType = "public.app-category.utilities";
				"INFOPLIST_KEY_UIApplicationSceneManifest_Generation[sdk=iphoneos*]" = YES;
				"INFOPLIST_KEY_UIApplicationSceneManifest_Generation[sdk=iphonesimulator*]" = YES;
				"INFOPLIST_KEY_UIApplicationSupportsIndirectInputEvents[sdk=iphoneos*]" = YES;
				"INFOPLIST_KEY_UIApplicationSupportsIndirectInputEvents[sdk=iphonesimulator*]" = YES;
				"INFOPLIST_KEY_UILaunchScreen_Generation[sdk=iphoneos*]" = YES;
				"INFOPLIST_KEY_UILaunchScreen_Generation[sdk=iphonesimulator*]" = YES;
				"INFOPLIST_KEY_UIStatusBarStyle[sdk=iphoneos*]" = UIStatusBarStyleDefault;
				"INFOPLIST_KEY_UIStatusBarStyle[sdk=iphonesimulator*]" = UIStatusBarStyleDefault;
				INFOPLIST_KEY_UISupportedInterfaceOrientations = UIInterfaceOrientationPortrait;
				INFOPLIST_KEY_UISupportedInterfaceOrientations_iPad = "UIInterfaceOrientationLandscapeLeft UIInterfaceOrientationLandscapeRight UIInterfaceOrientationPortrait UIInterfaceOrientationPortraitUpsideDown";
				IPHONEOS_DEPLOYMENT_TARGET = 17.6;
				LD_RUNPATH_SEARCH_PATHS = "@executable_path/Frameworks";
				"LD_RUNPATH_SEARCH_PATHS[sdk=macosx*]" = "@executable_path/../Frameworks";
				MACOSX_DEPLOYMENT_TARGET = 26.0;
				MARKETING_VERSION = 1.0;
				PRODUCT_BUNDLE_IDENTIFIER = com.sementa.CarKit;
				PRODUCT_NAME = "$(TARGET_NAME)";
				REGISTER_APP_GROUPS = YES;
				SDKROOT = auto;
				STRING_CATALOG_GENERATE_SYMBOLS = YES;
				SUPPORTED_PLATFORMS = "iphoneos iphonesimulator";
				SUPPORTS_MACCATALYST = NO;
				SWIFT_APPROACHABLE_CONCURRENCY = YES;
				SWIFT_DEFAULT_ACTOR_ISOLATION = MainActor;
				SWIFT_EMIT_LOC_STRINGS = YES;
				SWIFT_UPCOMING_FEATURE_MEMBER_IMPORT_VISIBILITY = YES;
				SWIFT_VERSION = 5.0;
				TARGETED_DEVICE_FAMILY = 1;
				XROS_DEPLOYMENT_TARGET = 26.0;
			};
			name = Release;
		};
/* End XCBuildConfiguration section */

/* Begin XCConfigurationList section */
		D90512A32EE8493500AD088B /* Build configuration list for PBXProject "CarKit" */ = {
			isa = XCConfigurationList;
			buildConfigurations = (
				D90512B12EE8493600AD088B /* Debug */,
				D90512B22EE8493600AD088B /* Release */,
			);
			defaultConfigurationIsVisible = 0;
			defaultConfigurationName = Release;
		};
		D90512B32EE8493600AD088B /* Build configuration list for PBXNativeTarget "CarKit" */ = {
			isa = XCConfigurationList;
			buildConfigurations = (
				D90512B42EE8493600AD088B /* Debug */,
				D90512B52EE8493600AD088B /* Release */,
			);
			defaultConfigurationIsVisible = 0;
			defaultConfigurationName = Release;
		};
/* End XCConfigurationList section */

/* Begin XCSwiftPackageProductDependency section */
		D90512C22EE84DB800AD088B /* DesignSystem */ = {
			isa = XCSwiftPackageProductDependency;
			productName = DesignSystem;
		};
		D90513622EE8657E00AD088B /* Models */ = {
			isa = XCSwiftPackageProductDependency;
			productName = Models;
		};
		D92E1B112EE93A0700B20317 /* Home */ = {
			isa = XCSwiftPackageProductDependency;
			productName = Home;
		};
		D92E1B162EE93F1F00B20317 /* Stores */ = {
			isa = XCSwiftPackageProductDependency;
			productName = Stores;
		};
		D92E1B1D2EE95FC800B20317 /* Networking */ = {
			isa = XCSwiftPackageProductDependency;
			productName = Networking;
		};
		D92E1CA82EE970DF00B20317 /* Persistence */ = {
			isa = XCSwiftPackageProductDependency;
			productName = Persistence;
		};
		D92E1CAA2EE970E300B20317 /* Repositories */ = {
			isa = XCSwiftPackageProductDependency;
			productName = Repositories;
		};
		D92E1CAC2EE970E600B20317 /* Navigation */ = {
			isa = XCSwiftPackageProductDependency;
			productName = Navigation;
		};
		D92E1D352EEA039E00B20317 /* Vehicle */ = {
			isa = XCSwiftPackageProductDependency;
			productName = Vehicle;
		};
		D92E1D3A2EEA88D100B20317 /* Utilities */ = {
			isa = XCSwiftPackageProductDependency;
			productName = Utilities;
		};
		D97862342EEC447900C2D16B /* Spending */ = {
			isa = XCSwiftPackageProductDependency;
			productName = Spending;
		};
/* End XCSwiftPackageProductDependency section */
	};
	rootObject = D90512A02EE8493500AD088B /* Project object */;
}
